{
  "name": "v3.0test",
  "version": "0.0.0",
  "lockfileVersion": 1,
  "requires": true,
  "dependencies": {
    "@babel/parser": {
      "version": "7.15.7",
      "resolved": "https://registry.nlark.com/@babel/parser/download/@babel/parser-7.15.7.tgz",
      "integrity": "sha1-DD7UousHsWXfqFs8xFxyczTE7a4="
    },
    "@vitejs/plugin-vue": {
      "version": "1.9.2",
      "resolved": "https://registry.npmmirror.com/@vitejs/plugin-vue/download/@vitejs/plugin-vue-1.9.2.tgz",
      "integrity": "sha1-cjTvuMPD1gx+rDUKk1B0qxggrg4="
    },
    "@vue/compiler-core": {
      "version": "3.2.16",
      "resolved": "https://registry.npmmirror.com/@vue/compiler-core/download/@vue/compiler-core-3.2.16.tgz?cache=0&sync_timestamp=1632406652188&other_urls=https%3A%2F%2Fregistry.npmmirror.com%2F%40vue%2Fcompiler-core%2Fdownload%2F%40vue%2Fcompiler-core-3.2.16.tgz",
      "integrity": "sha1-qhxHXlGD8kypPeG7AJt35jzRias=",
      "requires": {
        "@babel/parser": "^7.15.0",
        "@vue/shared": "3.2.16",
        "estree-walker": "^2.0.2",
        "source-map": "^0.6.1"
      }
    },
    "@vue/compiler-dom": {
      "version": "3.2.16",
      "resolved": "https://registry.npmmirror.com/@vue/compiler-dom/download/@vue/compiler-dom-3.2.16.tgz?cache=0&sync_timestamp=1632406652289&other_urls=https%3A%2F%2Fregistry.npmmirror.com%2F%40vue%2Fcompiler-dom%2Fdownload%2F%40vue%2Fcompiler-dom-3.2.16.tgz",
      "integrity": "sha1-sHSIdMT8+Y37IO/IpA9inJDIpiA=",
      "requires": {
        "@vue/compiler-core": "3.2.16",
        "@vue/shared": "3.2.16"
      }
    },
    "@vue/compiler-sfc": {
      "version": "3.2.16",
      "resolved": "https://registry.npmmirror.com/@vue/compiler-sfc/download/@vue/compiler-sfc-3.2.16.tgz",
      "integrity": "sha1-fow3K6oPqT8MkQWNj6JXgPcjPyk=",
      "requires": {
        "@babel/parser": "^7.15.0",
        "@vue/compiler-core": "3.2.16",
        "@vue/compiler-dom": "3.2.16",
        "@vue/compiler-ssr": "3.2.16",
        "@vue/ref-transform": "3.2.16",
        "@vue/shared": "3.2.16",
        "estree-walker": "^2.0.2",
        "magic-string": "^0.25.7",
        "postcss": "^8.1.10",
        "source-map": "^0.6.1"
      }
    },
    "@vue/compiler-ssr": {
      "version": "3.2.16",
      "resolved": "https://registry.npmmirror.com/@vue/compiler-ssr/download/@vue/compiler-ssr-3.2.16.tgz",
      "integrity": "sha1-cYSqyaabvec2FOzrcmSR9+kTUOg=",
      "requires": {
        "@vue/compiler-dom": "3.2.16",
        "@vue/shared": "3.2.16"
      }
    },
    "@vue/devtools-api": {
      "version": "6.0.0-beta.18",
      "resolved": "https://registry.npmmirror.com/@vue/devtools-api/download/@vue/devtools-api-6.0.0-beta.18.tgz?cache=0&sync_timestamp=1632352727221&other_urls=https%3A%2F%2Fregistry.npmmirror.com%2F%40vue%2Fdevtools-api%2Fdownload%2F%40vue%2Fdevtools-api-6.0.0-beta.18.tgz",
      "integrity": "sha1-hMCv+SiaVylMuXSQgR9p6KCmf4o="
    },
    "@vue/reactivity": {
      "version": "3.2.16",
      "resolved": "https://registry.npmmirror.com/@vue/reactivity/download/@vue/reactivity-3.2.16.tgz",
      "integrity": "sha1-DUJTRD1YDJBlCLCwWyzRNtRr9KI=",
      "requires": {
        "@vue/shared": "3.2.16"
      }
    },
    "@vue/ref-transform": {
      "version": "3.2.16",
      "resolved": "https://registry.npmmirror.com/@vue/ref-transform/download/@vue/ref-transform-3.2.16.tgz",
      "integrity": "sha1-eWqWogWjGLSw9Au9rOeDlsTQcIs=",
      "requires": {
        "@babel/parser": "^7.15.0",
        "@vue/compiler-core": "3.2.16",
        "@vue/shared": "3.2.16",
        "estree-walker": "^2.0.2",
        "magic-string": "^0.25.7"
      }
    },
    "@vue/runtime-core": {
      "version": "3.2.16",
      "resolved": "https://registry.npmmirror.com/@vue/runtime-core/download/@vue/runtime-core-3.2.16.tgz",
      "integrity": "sha1-TI2QkCnllXYstwuXcCSFv69MBHw=",
      "requires": {
        "@vue/reactivity": "3.2.16",
        "@vue/shared": "3.2.16"
      }
    },
    "@vue/runtime-dom": {
      "version": "3.2.16",
      "resolved": "https://registry.npmmirror.com/@vue/runtime-dom/download/@vue/runtime-dom-3.2.16.tgz",
      "integrity": "sha1-UKpK/RH+MvTXCRV1NBH7OH/5eFo=",
      "requires": {
        "@vue/runtime-core": "3.2.16",
        "@vue/shared": "3.2.16",
        "csstype": "^2.6.8"
      }
    },
    "@vue/server-renderer": {
      "version": "3.2.16",
      "resolved": "https://registry.npmmirror.com/@vue/server-renderer/download/@vue/server-renderer-3.2.16.tgz",
      "integrity": "sha1-eR5HlXwW8x5Tp3PCewuI2AldRYY=",
      "requires": {
        "@vue/compiler-ssr": "3.2.16",
        "@vue/shared": "3.2.16"
      }
    },
    "@vue/shared": {
      "version": "3.2.16",
      "resolved": "https://registry.npmmirror.com/@vue/shared/download/@vue/shared-3.2.16.tgz?cache=0&sync_timestamp=1632406924813&other_urls=https%3A%2F%2Fregistry.npmmirror.com%2F%40vue%2Fshared%2Fdownload%2F%40vue%2Fshared-3.2.16.tgz",
      "integrity": "sha1-p/XjfgesaNS36o6+ulFbRtIFxSQ="
    },
    "csstype": {
      "version": "2.6.18",
      "resolved": "https://registry.nlark.com/csstype/download/csstype-2.6.18.tgz?cache=0&sync_timestamp=1631540708034&other_urls=https%3A%2F%2Fregistry.nlark.com%2Fcsstype%2Fdownload%2Fcsstype-2.6.18.tgz",
      "integrity": "sha1-mAqLUwhfNK8xNBCvBk8r0kF4Qhg="
    },
    "esbuild": {
      "version": "0.12.29",
      "resolved": "https://registry.npmmirror.com/esbuild/download/esbuild-0.12.29.tgz?cache=0&sync_timestamp=1632851020077&other_urls=https%3A%2F%2Fregistry.npmmirror.com%2Fesbuild%2Fdownload%2Fesbuild-0.12.29.tgz",
      "integrity": "sha1-vmAtt8TceJRKnb3g0eoZ02wfiC0=",
      "dev": true
    },
    "estree-walker": {
      "version": "2.0.2",
      "resolved": "https://registry.npm.taobao.org/estree-walker/download/estree-walker-2.0.2.tgz",
      "integrity": "sha1-UvAQF4wqTBF6d1fP6UKtt9LaTKw="
    },
    "fsevents": {
      "version": "2.3.2",
      "resolved": "https://registry.nlark.com/fsevents/download/fsevents-2.3.2.tgz",
      "integrity": "sha1-ilJveLj99GI7cJ4Ll1xSwkwC/Ro=",
      "dev": true,
      "optional": true
    },
    "function-bind": {
      "version": "1.1.1",
      "resolved": "https://registry.nlark.com/function-bind/download/function-bind-1.1.1.tgz",
      "integrity": "sha1-pWiZ0+o8m6uHS7l3O3xe3pL0iV0=",
      "dev": true
    },
    "has": {
      "version": "1.0.3",
      "resolved": "https://registry.nlark.com/has/download/has-1.0.3.tgz",
      "integrity": "sha1-ci18v8H2qoJB8W3YFOAR4fQeh5Y=",
      "dev": true,
      "requires": {
        "function-bind": "^1.1.1"
      }
    },
    "is-core-module": {
      "version": "2.7.0",
      "resolved": "https://registry.npmmirror.com/is-core-module/download/is-core-module-2.7.0.tgz",
      "integrity": "sha1-PA730xtKz8V0+AxYQJ1WioNoSOM=",
      "dev": true,
      "requires": {
        "has": "^1.0.3"
      }
    },
    "magic-string": {
      "version": "0.25.7",
      "resolved": "https://registry.npm.taobao.org/magic-string/download/magic-string-0.25.7.tgz",
      "integrity": "sha1-P0l9b9NMZpxnmNy4IfLvMfVEUFE=",
      "requires": {
        "sourcemap-codec": "^1.4.4"
      }
    },
    "nanocolors": {
      "version": "0.1.12",
      "resolved": "https://registry.npmmirror.com/nanocolors/download/nanocolors-0.1.12.tgz?cache=0&sync_timestamp=1632383457846&other_urls=https%3A%2F%2Fregistry.npmmirror.com%2Fnanocolors%2Fdownload%2Fnanocolors-0.1.12.tgz",
      "integrity": "sha1-hXdILFjL17W7FoHbTPSPEah/1fY="
    },
    "nanoid": {
      "version": "3.1.25",
      "resolved": "https://registry.nlark.com/nanoid/download/nanoid-3.1.25.tgz",
      "integrity": "sha1-CcoydHwOVD8OGBS303k0d/nI4VI="
    },
    "path-parse": {
      "version": "1.0.7",
      "resolved": "https://registry.nlark.com/path-parse/download/path-parse-1.0.7.tgz",
      "integrity": "sha1-+8EUtgykKzDZ2vWFjkvWi77bZzU=",
      "dev": true
    },
    "postcss": {
      "version": "8.3.7",
      "resolved": "https://registry.nlark.com/postcss/download/postcss-8.3.7.tgz",
      "integrity": "sha1-7IhWNYjI2o5Y5yJvdjO1GuIh7to=",
      "requires": {
        "nanocolors": "^0.1.5",
        "nanoid": "^3.1.25",
        "source-map-js": "^0.6.2"
      }
    },
    "resolve": {
      "version": "1.20.0",
      "resolved": "https://registry.npm.taobao.org/resolve/download/resolve-1.20.0.tgz",
      "integrity": "sha1-YpoBP7P3B1XW8LeTXMHCxTeLGXU=",
      "dev": true,
      "requires": {
        "is-core-module": "^2.2.0",
        "path-parse": "^1.0.6"
      }
    },
    "rollup": {
      "version": "2.57.0",
      "resolved": "https://registry.nlark.com/rollup/download/rollup-2.57.0.tgz?cache=0&sync_timestamp=1632286474389&other_urls=https%3A%2F%2Fregistry.nlark.com%2Frollup%2Fdownload%2Frollup-2.57.0.tgz",
      "integrity": "sha1-wWlEdesi4QIkd8D0Y1/QrIBxMXM=",
      "dev": true,
      "requires": {
        "fsevents": "~2.3.2"
      }
    },
    "source-map": {
      "version": "0.6.1",
      "resolved": "https://registry.nlark.com/source-map/download/source-map-0.6.1.tgz",
      "integrity": "sha1-dHIq8y6WFOnCh6jQu95IteLxomM="
    },
    "source-map-js": {
      "version": "0.6.2",
      "resolved": "https://registry.npm.taobao.org/source-map-js/download/source-map-js-0.6.2.tgz",
      "integrity": "sha1-C7XeYxtBz72mz7qL0FqA79/SOF4="
    },
    "sourcemap-codec": {
      "version": "1.4.8",
      "resolved": "https://registry.npm.taobao.org/sourcemap-codec/download/sourcemap-codec-1.4.8.tgz",
      "integrity": "sha1-6oBL2UhXQC5pktBaOO8a41qatMQ="
    },
    "vite": {
      "version": "2.5.10",
      "resolved": "https://registry.npmmirror.com/vite/download/vite-2.5.10.tgz",
      "integrity": "sha1-xZjjtafhlW/8Uus7NCDRd/wu0qU=",
      "dev": true,
      "requires": {
        "esbuild": "^0.12.17",
        "fsevents": "~2.3.2",
        "postcss": "^8.3.6",
        "resolve": "^1.20.0",
        "rollup": "^2.38.5"
      }
    },
    "vue": {
      "version": "3.2.16",
      "resolved": "https://registry.npmmirror.com/vue/download/vue-3.2.16.tgz?cache=0&sync_timestamp=1632406654733&other_urls=https%3A%2F%2Fregistry.npmmirror.com%2Fvue%2Fdownload%2Fvue-3.2.16.tgz",
      "integrity": "sha1-vFR3hLXfNgz6ZNcv0LlM0gFJzx4=",
      "requires": {
        "@vue/compiler-dom": "3.2.16",
        "@vue/compiler-sfc": "3.2.16",
        "@vue/runtime-dom": "3.2.16",
        "@vue/server-renderer": "3.2.16",
        "@vue/shared": "3.2.16"
      }
    },
    "vue-router": {
      "version": "4.0.11",
      "resolved": "https://registry.nlark.com/vue-router/download/vue-router-4.0.11.tgz",
      "integrity": "sha1-zWSaCUHGNSgXY6IJZbWZZD3caO0=",
      "requires": {
        "@vue/devtools-api": "^6.0.0-beta.14"
      }
    },
    "vuex": {
      "version": "4.0.0",
      "resolved": "https://registry.nlark.com/vuex/download/vuex-4.0.0.tgz",
      "integrity": "sha1-rId6p2qcRTaMl5Rx5GG1INOObPU="
    }
  }
}
